
Microsoft Visual Studio Solution File, Format Version 12.00
# Visual Studio Version 17
VisualStudioVersion = 17.14.36401.2 d17.14
MinimumVisualStudioVersion = 10.0.40219.1
Project("{8BC9CEB8-8B4A-11D0-8D11-00A0C91BC942}") = "labs2", "labs2\labs2.vcxproj", "{FB85FB5C-B44B-4D0A-B0CB-3BF664B9792C}"
EndProject
Global
	GlobalSection(SolutionConfigurationPlatforms) = preSolution
		Debug|x64 = Debug|x64
		Debug|x86 = Debug|x86
		Release|x64 = Release|x64
		Release|x86 = Release|x86
	EndGlobalSection
	GlobalSection(ProjectConfigurationPlatforms) = postSolution
		{FB85FB5C-B44B-4D0A-B0CB-3BF664B9792C}.Debug|x64.ActiveCfg = Debug|x64
		{FB85FB5C-B44B-4D0A-B0CB-3BF664B9792C}.Debug|x64.Build.0 = Debug|x64
		{FB85FB5C-B44B-4D0A-B0CB-3BF664B9792C}.Debug|x86.ActiveCfg = Debug|Win32
		{FB85FB5C-B44B-4D0A-B0CB-3BF664B9792C}.Debug|x86.Build.0 = Debug|Win32
		{FB85FB5C-B44B-4D0A-B0CB-3BF664B9792C}.Release|x64.ActiveCfg = Release|x64
		{FB85FB5C-B44B-4D0A-B0CB-3BF664B9792C}.Release|x64.Build.0 = Release|x64
		{FB85FB5C-B44B-4D0A-B0CB-3BF664B9792C}.Release|x86.ActiveCfg = Release|Win32
		{FB85FB5C-B44B-4D0A-B0CB-3BF664B9792C}.Release|x86.Build.0 = Release|Win32
	EndGlobalSection
	GlobalSection(SolutionProperties) = preSolution
		HideSolutionNode = FALSE
	EndGlobalSection
	GlobalSection(ExtensibilityGlobals) = postSolution
		SolutionGuid = {D1124A47-CD59-4BCB-A3EF-E209BCCE11E1}
	EndGlobalSection
EndGlobal
